// !$*UTF8*$!
{
	archiveVersion = 1;
	classes = {
	};
	objectVersion = 77;
	objects = {

/* Begin PBXContainerItemProxy section */
		6ADDD4A82E4495B6005D8F2E /* PBXContainerItemProxy */ = {
			isa = PBXContainerItemProxy;
			containerPortal = 6ADDD4922E4495B4005D8F2E /* Project object */;
			proxyType = 1;
			remoteGlobalIDString = 6ADDD4992E4495B4005D8F2E;
			remoteInfo = soulbuddy;
		};
		6ADDD4B22E4495B6005D8F2E /* PBXContainerItemProxy */ = {
			isa = PBXContainerItemProxy;
			containerPortal = 6ADDD4922E4495B4005D8F2E /* Project object */;
			proxyType = 1;
			remoteGlobalIDString = 6ADDD4992E4495B4005D8F2E;
			remoteInfo = soulbuddy;
		};
/* End PBXContainerItemProxy section */

/* Begin PBXFileReference section */
		6ADDD49A2E4495B4005D8F2E /* soulbuddy.app */ = {isa = PBXFileReference; explicitFileType = wrapper.application; includeInIndex = 0; path = soulbuddy.app; sourceTree = BUILT_PRODUCTS_DIR; };
		6ADDD4A72E4495B6005D8F2E /* soulbuddyTests.xctest */ = {isa = PBXFileReference; explicitFileType = wrapper.cfbundle; includeInIndex = 0; path = soulbuddyTests.xctest; sourceTree = BUILT_PRODUCTS_DIR; };
		6ADDD4B12E4495B6005D8F2E /* soulbuddyUITests.xctest */ = {isa = PBXFileReference; explicitFileType = wrapper.cfbundle; includeInIndex = 0; path = soulbuddyUITests.xctest; sourceTree = BUILT_PRODUCTS_DIR; };
/* End PBXFileReference section */

/* Begin PBXFileSystemSynchronizedRootGroup section */
		6ADDD49C2E4495B4005D8F2E /* soulbuddy */ = {
			isa = PBXFileSystemSynchronizedRootGroup;
			path = soulbuddy;
			sourceTree = "<group>";
		};
		6ADDD4AA2E4495B6005D8F2E /* soulbuddyTests */ = {
			isa = PBXFileSystemSynchronizedRootGroup;
			path = soulbuddyTests;
			sourceTree = "<group>";
		};
		6ADDD4B42E4495B6005D8F2E /* soulbuddyUITests */ = {
			isa = PBXFileSystemSynchronizedRootGroup;
			path = soulbuddyUITests;
			sourceTree = "<group>";
		};
/* End PBXFileSystemSynchronizedRootGroup section */

/* Begin PBXFrameworksBuildPhase section */
		6ADDD4972E4495B4005D8F2E /* Frameworks */ = {
			isa = PBXFrameworksBuildPhase;
			buildActionMask = 2147483647;
			files = (
			);
			runOnlyForDeploymentPostprocessing = 0;
		};
		6ADDD4A42E4495B6005D8F2E /* Frameworks */ = {
			isa = PBXFrameworksBuildPhase;
			buildActionMask = 2147483647;
			files = (
			);
			runOnlyForDeploymentPostprocessing = 0;
		};
		6ADDD4AE2E4495B6005D8F2E /* Frameworks */ = {
			isa = PBXFrameworksBuildPhase;
			buildActionMask = 2147483647;
			files = (
			);
			runOnlyForDeploymentPostprocessing = 0;
		};
/* End PBXFrameworksBuildPhase section */

/* Begin PBXGroup section */
		6ADDD4912E4495B4005D8F2E = {
			isa = PBXGroup;
			children = (
				6ADDD49C2E4495B4005D8F2E /* soulbuddy */,
				6ADDD4AA2E4495B6005D8F2E /* soulbuddyTests */,
				6ADDD4B42E4495B6005D8F2E /* soulbuddyUITests */,
				6ADDD49B2E4495B4005D8F2E /* Products */,
			);
			sourceTree = "<group>";
		};
		6ADDD49B2E4495B4005D8F2E /* Products */ = {
			isa = PBXGroup;
			children = (
				6ADDD49A2E4495B4005D8F2E /* soulbuddy.app */,
				6ADDD4A72E4495B6005D8F2E /* soulbuddyTests.xctest */,
				6ADDD4B12E4495B6005D8F2E /* soulbuddyUITests.xctest */,
			);
			name = Products;
			sourceTree = "<group>";
		};
/* End PBXGroup section */

/* Begin PBXNativeTarget section */
		6ADDD4992E4495B4005D8F2E /* soulbuddy */ = {
			isa = PBXNativeTarget;
			buildConfigurationList = 6ADDD4BB2E4495B6005D8F2E /* Build configuration list for PBXNativeTarget "soulbuddy" */;
			buildPhases = (
				6ADDD4962E4495B4005D8F2E /* Sources */,
				6ADDD4972E4495B4005D8F2E /* Frameworks */,
				6ADDD4982E4495B4005D8F2E /* Resources */,
			);
			buildRules = (
			);
			dependencies = (
			);
			fileSystemSynchronizedGroups = (
				6ADDD49C2E4495B4005D8F2E /* soulbuddy */,
			);
			name = soulbuddy;
			packageProductDependencies = (
			);
			productName = soulbuddy;
			productReference = 6ADDD49A2E4495B4005D8F2E /* soulbuddy.app */;
			productType = "com.apple.product-type.application";
		};
		6ADDD4A62E4495B6005D8F2E /* soulbuddyTests */ = {
			isa = PBXNativeTarget;
			buildConfigurationList = 6ADDD4BE2E4495B6005D8F2E /* Build configuration list for PBXNativeTarget "soulbuddyTests" */;
			buildPhases = (
				6ADDD4A32E4495B6005D8F2E /* Sources */,
				6ADDD4A42E4495B6005D8F2E /* Frameworks */,
				6ADDD4A52E4495B6005D8F2E /* Resources */,
			);
			buildRules = (
			);
			dependencies = (
				6ADDD4A92E4495B6005D8F2E /* PBXTargetDependency */,
			);
			fileSystemSynchronizedGroups = (
				6ADDD4AA2E4495B6005D8F2E /* soulbuddyTests */,
			);
			name = soulbuddyTests;
			packageProductDependencies = (
			);
			productName = soulbuddyTests;
			productReference = 6ADDD4A72E4495B6005D8F2E /* soulbuddyTests.xctest */;
			productType = "com.apple.product-type.bundle.unit-test";
		};
		6ADDD4B02E4495B6005D8F2E /* soulbuddyUITests */ = {
			isa = PBXNativeTarget;
			buildConfigurationList = 6ADDD4C12E4495B6005D8F2E /* Build configuration list for PBXNativeTarget "soulbuddyUITests" */;
			buildPhases = (
				6ADDD4AD2E4495B6005D8F2E /* Sources */,
				6ADDD4AE2E4495B6005D8F2E /* Frameworks */,
				6ADDD4AF2E4495B6005D8F2E /* Resources */,
			);
			buildRules = (
			);
			dependencies = (
				6ADDD4B32E4495B6005D8F2E /* PBXTargetDependency */,
			);
			fileSystemSynchronizedGroups = (
				6ADDD4B42E4495B6005D8F2E /* soulbuddyUITests */,
			);
			name = soulbuddyUITests;
			packageProductDependencies = (
			);
			productName = soulbuddyUITests;
			productReference = 6ADDD4B12E4495B6005D8F2E /* soulbuddyUITests.xctest */;
			productType = "com.apple.product-type.bundle.ui-testing";
		};
/* End PBXNativeTarget section */

/* Begin PBXProject section */
		6ADDD4922E4495B4005D8F2E /* Project object */ = {
			isa = PBXProject;
			attributes = {
				BuildIndependentTargetsInParallel = 1;
				LastSwiftUpdateCheck = 1640;
				LastUpgradeCheck = 1640;
				TargetAttributes = {
					6ADDD4992E4495B4005D8F2E = {
						CreatedOnToolsVersion = 16.4;
					};
					6ADDD4A62E4495B6005D8F2E = {
						CreatedOnToolsVersion = 16.4;
						TestTargetID = 6ADDD4992E4495B4005D8F2E;
					};
					6ADDD4B02E4495B6005D8F2E = {
						CreatedOnToolsVersion = 16.4;
						TestTargetID = 6ADDD4992E4495B4005D8F2E;
					};
				};
			};
			buildConfigurationList = 6ADDD4952E4495B4005D8F2E /* Build configuration list for PBXProject "soulbuddy" */;
			developmentRegion = en;
			hasScannedForEncodings = 0;
			knownRegions = (
				en,
				Base,
				tr,
			);
			mainGroup = 6ADDD4912E4495B4005D8F2E;
			minimizedProjectReferenceProxies = 1;
			preferredProjectObjectVersion = 77;
			productRefGroup = 6ADDD49B2E4495B4005D8F2E /* Products */;
			projectDirPath = "";
			projectRoot = "";
			targets = (
				6ADDD4992E4495B4005D8F2E /* soulbuddy */,
				6ADDD4A62E4495B6005D8F2E /* soulbuddyTests */,
				6ADDD4B02E4495B6005D8F2E /* soulbuddyUITests */,
			);
		};
/* End PBXProject section */

/* Begin PBXResourcesBuildPhase section */
		6ADDD4982E4495B4005D8F2E /* Resources */ = {
			isa = PBXResourcesBuildPhase;
			buildActionMask = 2147483647;
			files = (
			);
			runOnlyForDeploymentPostprocessing = 0;
		};
		6ADDD4A52E4495B6005D8F2E /* Resources */ = {
			isa = PBXResourcesBuildPhase;
			buildActionMask = 2147483647;
			files = (
			);
			runOnlyForDeploymentPostprocessing = 0;
		};
		6ADDD4AF2E4495B6005D8F2E /* Resources */ = {
			isa = PBXResourcesBuildPhase;
			buildActionMask = 2147483647;
			files = (
			);
			runOnlyForDeploymentPostprocessing = 0;
		};
/* End PBXResourcesBuildPhase section */

/* Begin PBXSourcesBuildPhase section */
		6ADDD4962E4495B4005D8F2E /* Sources */ = {
			isa = PBXSourcesBuildPhase;
			buildActionMask = 2147483647;
			files = (
			);
			runOnlyForDeploymentPostprocessing = 0;
		};
		6ADDD4A32E4495B6005D8F2E /* Sources */ = {
			isa = PBXSourcesBuildPhase;
			buildActionMask = 2147483647;
			files = (
			);
			runOnlyForDeploymentPostprocessing = 0;
		};
		6ADDD4AD2E4495B6005D8F2E /* Sources */ = {
			isa = PBXSourcesBuildPhase;
			buildActionMask = 2147483647;
			files = (
			);
			runOnlyForDeploymentPostprocessing = 0;
		};
/* End PBXSourcesBuildPhase section */

/* Begin PBXTargetDependency section */
		6ADDD4A92E4495B6005D8F2E /* PBXTargetDependency */ = {
			isa = PBXTargetDependency;
			target = 6ADDD4992E4495B4005D8F2E /* soulbuddy */;
			targetProxy = 6ADDD4A82E4495B6005D8F2E /* PBXContainerItemProxy */;
		};
		6ADDD4B32E4495B6005D8F2E /* PBXTargetDependency */ = {
			isa = PBXTargetDependency;
			target = 6ADDD4992E4495B4005D8F2E /* soulbuddy */;
			targetProxy = 6ADDD4B22E4495B6005D8F2E /* PBXContainerItemProxy */;
		};
/* End PBXTargetDependency section */

/* Begin XCBuildConfiguration section */
		6ADDD4B92E4495B6005D8F2E /* Debug */ = {
			isa = XCBuildConfiguration;
			buildSettings = {
				ALWAYS_SEARCH_USER_PATHS = NO;
				ASSETCATALOG_COMPILER_GENERATE_SWIFT_ASSET_SYMBOL_EXTENSIONS = YES;
				CLANG_ANALYZER_NONNULL = YES;
				CLANG_ANALYZER_NUMBER_OBJECT_CONVERSION = YES_AGGRESSIVE;
				CLANG_CXX_LANGUAGE_STANDARD = "gnu++20";
				CLANG_ENABLE_MODULES = YES;
				CLANG_ENABLE_OBJC_ARC = YES;
				CLANG_ENABLE_OBJC_WEAK = YES;
				CLANG_WARN_BLOCK_CAPTURE_AUTORELEASING = YES;
				CLANG_WARN_BOOL_CONVERSION = YES;
				CLANG_WARN_COMMA = YES;
				CLANG_WARN_CONSTANT_CONVERSION = YES;
				CLANG_WARN_DEPRECATED_OBJC_IMPLEMENTATIONS = YES;
				CLANG_WARN_DIRECT_OBJC_ISA_USAGE = YES_ERROR;
				CLANG_WARN_DOCUMENTATION_COMMENTS = YES;
				CLANG_WARN_EMPTY_BODY = YES;
				CLANG_WARN_ENUM_CONVERSION = YES;
				CLANG_WARN_INFINITE_RECURSION = YES;
				CLANG_WARN_INT_CONVERSION = YES;
				CLANG_WARN_NON_LITERAL_NULL_CONVERSION = YES;
				CLANG_WARN_OBJC_IMPLICIT_RETAIN_SELF = YES;
				CLANG_WARN_OBJC_LITERAL_CONVERSION = YES;
				CLANG_WARN_OBJC_ROOT_CLASS = YES_ERROR;
				CLANG_WARN_QUOTED_INCLUDE_IN_FRAMEWORK_HEADER = YES;
				CLANG_WARN_RANGE_LOOP_ANALYSIS = YES;
				CLANG_WARN_STRICT_PROTOTYPES = YES;
				CLANG_WARN_SUSPICIOUS_MOVE = YES;
				CLANG_WARN_UNGUARDED_AVAILABILITY = YES_AGGRESSIVE;
				CLANG_WARN_UNREACHABLE_CODE = YES;
				CLANG_WARN__DUPLICATE_METHOD_MATCH = YES;
				COPY_PHASE_STRIP = NO;
				DEBUG_INFORMATION_FORMAT = dwarf;
				DEVELOPMENT_TEAM = 676A6M736M;
				ENABLE_STRICT_OBJC_MSGSEND = YES;
				ENABLE_TESTABILITY = YES;
				ENABLE_USER_SCRIPT_SANDBOXING = YES;
				GCC_C_LANGUAGE_STANDARD = gnu17;
				GCC_DYNAMIC_NO_PIC = NO;
				GCC_NO_COMMON_BLOCKS = YES;
				GCC_OPTIMIZATION_LEVEL = 0;
				GCC_PREPROCESSOR_DEFINITIONS = (
					"DEBUG=1",
					"$(inherited)",
				);
				GCC_WARN_64_TO_32_BIT_CONVERSION = YES;
				GCC_WARN_ABOUT_RETURN_TYPE = YES_ERROR;
				GCC_WARN_UNDECLARED_SELECTOR = YES;
				GCC_WARN_UNINITIALIZED_AUTOS = YES_AGGRESSIVE;
				GCC_WARN_UNUSED_FUNCTION = YES;
				GCC_WARN_UNUSED_VARIABLE = YES;
				IPHONEOS_DEPLOYMENT_TARGET = 18.5;
				LOCALIZATION_PREFERS_STRING_CATALOGS = YES;
				MTL_ENABLE_DEBUG_INFO = INCLUDE_SOURCE;
				MTL_FAST_MATH = YES;
				ONLY_ACTIVE_ARCH = YES;
				SDKROOT = iphoneos;
				SWIFT_ACTIVE_COMPILATION_CONDITIONS = "DEBUG $(inherited)";
				SWIFT_OPTIMIZATION_LEVEL = "-Onone";
			};
			name = Debug;
		};
		6ADDD4BA2E4495B6005D8F2E /* Release */ = {
			isa = XCBuildConfiguration;
			buildSettings = {
				ALWAYS_SEARCH_USER_PATHS = NO;
				ASSETCATALOG_COMPILER_GENERATE_SWIFT_ASSET_SYMBOL_EXTENSIONS = YES;
				CLANG_ANALYZER_NONNULL = YES;
				CLANG_ANALYZER_NUMBER_OBJECT_CONVERSION = YES_AGGRESSIVE;
				CLANG_CXX_LANGUAGE_STANDARD = "gnu++20";
				CLANG_ENABLE_MODULES = YES;
				CLANG_ENABLE_OBJC_ARC = YES;
				CLANG_ENABLE_OBJC_WEAK = YES;
				CLANG_WARN_BLOCK_CAPTURE_AUTORELEASING = YES;
				CLANG_WARN_BOOL_CONVERSION = YES;
				CLANG_WARN_COMMA = YES;
				CLANG_WARN_CONSTANT_CONVERSION = YES;
				CLANG_WARN_DEPRECATED_OBJC_IMPLEMENTATIONS = YES;
				CLANG_WARN_DIRECT_OBJC_ISA_USAGE = YES_ERROR;
				CLANG_WARN_DOCUMENTATION_COMMENTS = YES;
				CLANG_WARN_EMPTY_BODY = YES;
				CLANG_WARN_ENUM_CONVERSION = YES;
				CLANG_WARN_INFINITE_RECURSION = YES;
				CLANG_WARN_INT_CONVERSION = YES;
				CLANG_WARN_NON_LITERAL_NULL_CONVERSION = YES;
				CLANG_WARN_OBJC_IMPLICIT_RETAIN_SELF = YES;
				CLANG_WARN_OBJC_LITERAL_CONVERSION = YES;
				CLANG_WARN_OBJC_ROOT_CLASS = YES_ERROR;
				CLANG_WARN_QUOTED_INCLUDE_IN_FRAMEWORK_HEADER = YES;
				CLANG_WARN_RANGE_LOOP_ANALYSIS = YES;
				CLANG_WARN_STRICT_PROTOTYPES = YES;
				CLANG_WARN_SUSPICIOUS_MOVE = YES;
				CLANG_WARN_UNGUARDED_AVAILABILITY = YES_AGGRESSIVE;
				CLANG_WARN_UNREACHABLE_CODE = YES;
				CLANG_WARN__DUPLICATE_METHOD_MATCH = YES;
				COPY_PHASE_STRIP = NO;
				DEBUG_INFORMATION_FORMAT = "dwarf-with-dsym";
				DEVELOPMENT_TEAM = 676A6M736M;
				ENABLE_NS_ASSERTIONS = NO;
				ENABLE_STRICT_OBJC_MSGSEND = YES;
				ENABLE_USER_SCRIPT_SANDBOXING = YES;
				GCC_C_LANGUAGE_STANDARD = gnu17;
				GCC_NO_COMMON_BLOCKS = YES;
				GCC_WARN_64_TO_32_BIT_CONVERSION = YES;
				GCC_WARN_ABOUT_RETURN_TYPE = YES_ERROR;
				GCC_WARN_UNDECLARED_SELECTOR = YES;
				GCC_WARN_UNINITIALIZED_AUTOS = YES_AGGRESSIVE;
				GCC_WARN_UNUSED_FUNCTION = YES;
				GCC_WARN_UNUSED_VARIABLE = YES;
				IPHONEOS_DEPLOYMENT_TARGET = 18.5;
				LOCALIZATION_PREFERS_STRING_CATALOGS = YES;
				MTL_ENABLE_DEBUG_INFO = NO;
				MTL_FAST_MATH = YES;
				SDKROOT = iphoneos;
				SWIFT_COMPILATION_MODE = wholemodule;
				VALIDATE_PRODUCT = YES;
			};
			name = Release;
		};
		6ADDD4BC2E4495B6005D8F2E /* Debug */ = {
			isa = XCBuildConfiguration;
			buildSettings = {
				ASSETCATALOG_COMPILER_APPICON_NAME = AppIcon;
				ASSETCATALOG_COMPILER_GLOBAL_ACCENT_COLOR_NAME = AccentColor;
				CODE_SIGN_STYLE = Automatic;
				CURRENT_PROJECT_VERSION = 1;
				DEVELOPMENT_TEAM = 676A6M736M;
				ENABLE_PREVIEWS = YES;
				GENERATE_INFOPLIST_FILE = YES;
				INFOPLIST_KEY_UIApplicationSceneManifest_Generation = YES;
				INFOPLIST_KEY_UIApplicationSupportsIndirectInputEvents = YES;
				INFOPLIST_KEY_UILaunchScreen_Generation = YES;
				INFOPLIST_KEY_UISupportedInterfaceOrientations_iPad = "UIInterfaceOrientationPortrait UIInterfaceOrientationPortraitUpsideDown UIInterfaceOrientationLandscapeLeft UIInterfaceOrientationLandscapeRight";
				INFOPLIST_KEY_UISupportedInterfaceOrientations_iPhone = "UIInterfaceOrientationPortrait UIInterfaceOrientationLandscapeLeft UIInterfaceOrientationLandscapeRight";
				LD_RUNPATH_SEARCH_PATHS = (
					"$(inherited)",
					"@executable_path/Frameworks",
				);
				MARKETING_VERSION = 1.0;
				PRODUCT_BUNDLE_IDENTIFIER = deneme.soulbuddy;
				PRODUCT_NAME = "$(TARGET_NAME)";
				SWIFT_EMIT_LOC_STRINGS = YES;
				SWIFT_VERSION = 5.0;
				TARGETED_DEVICE_FAMILY = "1,2";
			};
			name = Debug;
		};
		6ADDD4BD2E4495B6005D8F2E /* Release */ = {
			isa = XCBuildConfiguration;
			buildSettings = {
				ASSETCATALOG_COMPILER_APPICON_NAME = AppIcon;
				ASSETCATALOG_COMPILER_GLOBAL_ACCENT_COLOR_NAME = AccentColor;
				CODE_SIGN_STYLE = Automatic;
				CURRENT_PROJECT_VERSION = 1;
				DEVELOPMENT_TEAM = 676A6M736M;
				ENABLE_PREVIEWS = YES;
				GENERATE_INFOPLIST_FILE = YES;
				INFOPLIST_KEY_UIApplicationSceneManifest_Generation = YES;
				INFOPLIST_KEY_UIApplicationSupportsIndirectInputEvents = YES;
				INFOPLIST_KEY_UILaunchScreen_Generation = YES;
				INFOPLIST_KEY_UISupportedInterfaceOrientations_iPad = "UIInterfaceOrientationPortrait UIInterfaceOrientationPortraitUpsideDown UIInterfaceOrientationLandscapeLeft UIInterfaceOrientationLandscapeRight";
				INFOPLIST_KEY_UISupportedInterfaceOrientations_iPhone = "UIInterfaceOrientationPortrait UIInterfaceOrientationLandscapeLeft UIInterfaceOrientationLandscapeRight";
				LD_RUNPATH_SEARCH_PATHS = (
					"$(inherited)",
					"@executable_path/Frameworks",
				);
				MARKETING_VERSION = 1.0;
				PRODUCT_BUNDLE_IDENTIFIER = deneme.soulbuddy;
				PRODUCT_NAME = "$(TARGET_NAME)";
				SWIFT_EMIT_LOC_STRINGS = YES;
				SWIFT_VERSION = 5.0;
				TARGETED_DEVICE_FAMILY = "1,2";
			};
			name = Release;
		};
		6ADDD4BF2E4495B6005D8F2E /* Debug */ = {
			isa = XCBuildConfiguration;
			buildSettings = {
				BUNDLE_LOADER = "$(TEST_HOST)";
				CODE_SIGN_STYLE = Automatic;
				CURRENT_PROJECT_VERSION = 1;
				DEVELOPMENT_TEAM = 676A6M736M;
				GENERATE_INFOPLIST_FILE = YES;
				IPHONEOS_DEPLOYMENT_TARGET = 18.5;
				MARKETING_VERSION = 1.0;
				PRODUCT_BUNDLE_IDENTIFIER = deneme.soulbuddyTests;
				PRODUCT_NAME = "$(TARGET_NAME)";
				SWIFT_EMIT_LOC_STRINGS = NO;
				SWIFT_VERSION = 5.0;
				TARGETED_DEVICE_FAMILY = "1,2";
				TEST_HOST = "$(BUILT_PRODUCTS_DIR)/soulbuddy.app/$(BUNDLE_EXECUTABLE_FOLDER_PATH)/soulbuddy";
			};
			name = Debug;
		};
		6ADDD4C02E4495B6005D8F2E /* Release */ = {
			isa = XCBuildConfiguration;
			buildSettings = {
				BUNDLE_LOADER = "$(TEST_HOST)";
				CODE_SIGN_STYLE = Automatic;
				CURRENT_PROJECT_VERSION = 1;
				DEVELOPMENT_TEAM = 676A6M736M;
				GENERATE_INFOPLIST_FILE = YES;
				IPHONEOS_DEPLOYMENT_TARGET = 18.5;
				MARKETING_VERSION = 1.0;
				PRODUCT_BUNDLE_IDENTIFIER = deneme.soulbuddyTests;
				PRODUCT_NAME = "$(TARGET_NAME)";
				SWIFT_EMIT_LOC_STRINGS = NO;
				SWIFT_VERSION = 5.0;
				TARGETED_DEVICE_FAMILY = "1,2";
				TEST_HOST = "$(BUILT_PRODUCTS_DIR)/soulbuddy.app/$(BUNDLE_EXECUTABLE_FOLDER_PATH)/soulbuddy";
			};
			name = Release;
		};
		6ADDD4C22E4495B6005D8F2E /* Debug */ = {
			isa = XCBuildConfiguration;
			buildSettings = {
				CODE_SIGN_STYLE = Automatic;
				CURRENT_PROJECT_VERSION = 1;
				DEVELOPMENT_TEAM = 676A6M736M;
				GENERATE_INFOPLIST_FILE = YES;
				MARKETING_VERSION = 1.0;
				PRODUCT_BUNDLE_IDENTIFIER = deneme.soulbuddyUITests;
				PRODUCT_NAME = "$(TARGET_NAME)";
				SWIFT_EMIT_LOC_STRINGS = NO;
				SWIFT_VERSION = 5.0;
				TARGETED_DEVICE_FAMILY = "1,2";
				TEST_TARGET_NAME = soulbuddy;
			};
			name = Debug;
		};
		6ADDD4C32E4495B6005D8F2E /* Release */ = {
			isa = XCBuildConfiguration;
			buildSettings = {
				CODE_SIGN_STYLE = Automatic;
				CURRENT_PROJECT_VERSION = 1;
				DEVELOPMENT_TEAM = 676A6M736M;
				GENERATE_INFOPLIST_FILE = YES;
				MARKETING_VERSION = 1.0;
				PRODUCT_BUNDLE_IDENTIFIER = deneme.soulbuddyUITests;
				PRODUCT_NAME = "$(TARGET_NAME)";
				SWIFT_EMIT_LOC_STRINGS = NO;
				SWIFT_VERSION = 5.0;
				TARGETED_DEVICE_FAMILY = "1,2";
				TEST_TARGET_NAME = soulbuddy;
			};
			name = Release;
		};
/* End XCBuildConfiguration section */

/* Begin XCConfigurationList section */
		6ADDD4952E4495B4005D8F2E /* Build configuration list for PBXProject "soulbuddy" */ = {
			isa = XCConfigurationList;
			buildConfigurations = (
				6ADDD4B92E4495B6005D8F2E /* Debug */,
				6ADDD4BA2E4495B6005D8F2E /* Release */,
			);
			defaultConfigurationIsVisible = 0;
			defaultConfigurationName = Release;
		};
		6ADDD4BB2E4495B6005D8F2E /* Build configuration list for PBXNativeTarget "soulbuddy" */ = {
			isa = XCConfigurationList;
			buildConfigurations = (
				6ADDD4BC2E4495B6005D8F2E /* Debug */,
				6ADDD4BD2E4495B6005D8F2E /* Release */,
			);
			defaultConfigurationIsVisible = 0;
			defaultConfigurationName = Release;
		};
		6ADDD4BE2E4495B6005D8F2E /* Build configuration list for PBXNativeTarget "soulbuddyTests" */ = {
			isa = XCConfigurationList;
			buildConfigurations = (
				6ADDD4BF2E4495B6005D8F2E /* Debug */,
				6ADDD4C02E4495B6005D8F2E /* Release */,
			);
			defaultConfigurationIsVisible = 0;
			defaultConfigurationName = Release;
		};
		6ADDD4C12E4495B6005D8F2E /* Build configuration list for PBXNativeTarget "soulbuddyUITests" */ = {
			isa = XCConfigurationList;
			buildConfigurations = (
				6ADDD4C22E4495B6005D8F2E /* Debug */,
				6ADDD4C32E4495B6005D8F2E /* Release */,
			);
			defaultConfigurationIsVisible = 0;
			defaultConfigurationName = Release;
		};
/* End XCConfigurationList section */
	};
	rootObject = 6ADDD4922E4495B4005D8F2E /* Project object */;
}
